# This file is autogenerated, do not edit; changes may be undone by the next 'dep ensure'.


[[projects]]
  digest = "1:5a5595f60bb05578df6e95ff5e3b4f68fb71f98dede599ea5bc3797cdefffd52"
  name = "github.com/gobwas/glob"
  packages = [
    "compiler",
    "match",
    "syntax",
    "syntax/ast",
    "syntax/lexer",
    "util/runes",
    "util/strings",
  ]
  pruneopts = "UT"
  revision = "5ccd90ef52e1e632236f7326478d4faa74f99438"
  version = "v0.2.3"

[[projects]]
  digest = "1:573ca21d3669500ff845bdebee890eb7fc7f0f50c59f2132f2a0c6b03d85086a"
  name = "github.com/golang/protobuf"
  packages = ["proto"]
  pruneopts = "UT"
  revision = "6c65a5562fc06764971b7c5d05c76c75e84bdbf7"
  version = "v1.3.2"

[[projects]]
  branch = "master"
  digest = "1:e51f40f0c19b39c1825eadd07d5c0a98a2ad5942b166d9fc4f54750ce9a04810"
  name = "github.com/juju/ansiterm"
  packages = [
    ".",
    "tabwriter",
  ]
  pruneopts = "UT"
  revision = "720a0952cc2ac777afc295d9861263e2a4cf96a1"

[[projects]]
  branch = "master"
  digest = "1:e84bae51919a75761844008b1d5f9a64045ab9d013e48d3d8ab4f167985fbc0c"
  name = "github.com/juju/clock"
  packages = ["."]
  pruneopts = "UT"
  revision = "9c5c9712527c7986f012361e7d13756b4d99543d"

[[projects]]
  digest = "1:512b7e3b7341b0762147c867da90ed9488da5f72df3433dc2e4e1a719c4897f2"
  name = "github.com/juju/cmd"
  packages = [
    ".",
    "cmdtesting",
  ]
  pruneopts = "UT"
  revision = "e74f39857ca013cf63947ba2843806f7afdd380d"

[[projects]]
  branch = "master"
  digest = "1:160cdd48858fc243d8cddd0364ff9ebd57f2d755ecfc48ae03425a33b91fa34a"
  name = "github.com/juju/collections"
  packages = ["set"]
  pruneopts = "UT"
  revision = "9be91dc79b7c185fa8b08e7ceceee40562055c83"

[[projects]]
  digest = "0:"
  name = "github.com/juju/errors"
  packages = ["."]
  pruneopts = "UT"
  revision = "3fe23663418fc1d724868c84f21b7519bbac7441"

[[projects]]
  digest = "1:b8d72d48e77c5a93e09f82d57cd05a30c302ff0835388b0b7745f4f9cf3e0652"
  name = "github.com/juju/gnuflag"
  packages = ["."]
  pruneopts = "UT"
  revision = "2ce1bb71843d6d179b3f1c1c9cb4a72cd067fc65"

[[projects]]
  branch = "master"
  digest = "1:9c37e3c7a2dc5e5ec5748c0955ef9bf48bf2a02e81454164ba431c6fce9cb004"
  name = "github.com/juju/go4"
  packages = ["lock"]
  pruneopts = "UT"
  revision = "40d72ab9641a2a8c36a9c46a51e28367115c8e59"

[[projects]]
  branch = "master"
  digest = "1:8d7ec9b5adc07bb78b91b458199d070f632811502e71ace5012938b7a2225858"
  name = "github.com/juju/gojsonpointer"
  packages = ["."]
  pruneopts = "UT"
  revision = "afe8b77aa08f272b49e01b82de78510c11f61500"

[[projects]]
  branch = "master"
  digest = "1:48bbc2d2788b0e77efa612a2ddeaee8bcd17728cdb2d8a6faf756afbcae87fca"
  name = "github.com/juju/gojsonreference"
  packages = ["."]
  pruneopts = "UT"
  revision = "f0d24ac5ee330baa21721cdff56d45e4ee42628e"

[[projects]]
  branch = "master"
  digest = "1:d492c7c398204b7efa89e6acd9e8950fd4177ae27f9ff5823fd4eb1f7df90845"
  name = "github.com/juju/gojsonschema"
  packages = ["."]
  pruneopts = "UT"
  revision = "e1ad140384f254c82f89450d9a7c8dd38a632838"

[[projects]]
  digest = "1:7f8e25af11e64ffa02dd5a83df0040f9d50c165a4fe7e605ce203e2d6f749a2a"
  name = "github.com/juju/juju"
  packages = ["juju/osenv"]
  pruneopts = "UT"
  revision = "8090882c4fd2ca304376dbd08c51aabc310dd9b6"

[[projects]]
  branch = "master"
  digest = "1:15dce89ef511b45a1ad0601a3c541b4f66d7d133b66130ba60eca94182feae8e"
  name = "github.com/juju/loggo"
  packages = [
    ".",
    "loggocolor",
  ]
  pruneopts = "UT"
  revision = "6e530bcce5d8e1b51b8e5ee7f08a455cd0a8c2e5"

[[projects]]
  branch = "master"
  digest = "1:8fd7dad310891bec0864441bf829faf22a5732fa0e892ccdac9dc2e05d26bdfe"
  name = "github.com/juju/os"
  packages = [
    ".",
    "series",
  ]
  pruneopts = "UT"
  revision = "da411304426cd237cab827b6337c4426c3cd51f5"

[[projects]]
  digest = "1:48e9937398848a5a21e000c9f66cf7257b914158f1634c9704c99ab745e56f9e"
  name = "github.com/juju/persistent-cookiejar"
  packages = ["."]
  pruneopts = "UT"
  revision = "d67418f14c93a698e37b52468958d5d4dcf8a7dd"

[[projects]]
  branch = "master"
  digest = "1:d4a0284582e8108ce5f2d4b08d9fce8cf209a39b8b838de0aff22599274aad81"
  name = "github.com/juju/retry"
  packages = ["."]
  pruneopts = "UT"
  revision = "9058e192b216b21e4741c2eeb20ac798ba1ea80a"

[[projects]]
  digest = "1:e67535e91447a130af9c055bcd01974536ce860187b766c3d15c78416c6772f1"
  name = "github.com/juju/schema"
  packages = ["."]
  pruneopts = "UT"
  revision = "29562ba24201043ee1dd1ef422ff1d16fc1cf29d"
  version = "v1.0.0"

[[projects]]
  digest = "1:d4ea1245a8ad39cb6e8d6d8aa9a4ec4e6d0252ea8c3c9af411f753d017bc77de"
  name = "github.com/juju/testing"
  packages = [
    ".",
    "checkers",
  ]
  pruneopts = "UT"
  revision = "ce9dec17d28bdfde2d8c5113a201495265e3962e"

[[projects]]
  digest = "1:df29159e45d71f23379c97eb1ee3bb964c10c64cf8a07f6990ef79aff7d116e6"
  name = "github.com/juju/usso"
  packages = ["."]
  pruneopts = "UT"
  revision = "59a49c9c4963581a0b8048792673364a6e54de50"
  version = "v1.0.1"

[[projects]]
  digest = "1:62ccdca1f902edd44d23a9026beaf82dd5751b5dd471eb032b6d44040a9e520e"
  name = "github.com/juju/utils"
  packages = [
    ".",
    "featureflag",
    "hash",
    "keyvalues",
    "set",
    "zip",
  ]
  pruneopts = "UT"
  revision = "bf9cc5bdd62dabc40b7f634b39a5e2dc44d44c45"

[[projects]]
  branch = "master"
  digest = "1:7d29bb98d1ad7daf7b5fb24763e882c801996916e8e5c42ae545628255eed331"
  name = "github.com/juju/version"
  packages = ["."]
  pruneopts = "UT"
  revision = "a0f5311c21663035c84cc840030d217cb1139cbe"

[[projects]]
  digest = "1:c904d1ed620923eb74714caf3a0164984cd2ac83821c6559a1651d30c8d732d7"
  name = "github.com/juju/webbrowser"
  packages = ["."]
  pruneopts = "UT"
  revision = "e25cabc13bc028f01bbacc212dc4a2ea97e7368a"
  version = "v1.0.0"

[[projects]]
  digest = "1:84a35669b4b31cc20ffc89c3b2ab32f2189fb2366a973efa1c25e009ef6ae1c6"
  name = "github.com/julienschmidt/httprouter"
  packages = ["."]
  pruneopts = "UT"
  revision = "4eec211fa4e8df74ed978dc5681612131854144f"
  version = "v1.3.0"

[[projects]]
  digest = "1:2dc8db55c5b223e6cd50aa7915e698cfcf56d1ddfa89bbbf65e24729e0a0200a"
  name = "github.com/lunixbochs/vtclean"
  packages = ["."]
  pruneopts = "UT"
  revision = "88cfb0c2efe8ed7b0ccf0af83db39359829027bb"
  version = "v1.0.0"

[[projects]]
  digest = "1:4a29eeb25603debe8f2098a9902c4d3851034cf70d33be428826e86e8c30a1b0"
  name = "github.com/mattn/go-colorable"
  packages = ["."]
  pruneopts = "UT"
  revision = "98ec13f34aabf44cc914c65a1cfb7b9bc815aef1"
  version = "v0.1.4"

[[projects]]
  digest = "1:d62282425ffb75047679d7e2c3b980eea7f82c05ef5fb9142ee617ebac6e7432"
  name = "github.com/mattn/go-isatty"
  packages = ["."]
  pruneopts = "UT"
  revision = "88ba11cfdc67c7588b30042edf244b2875f892b6"
  version = "v0.0.10"

[[projects]]
  branch = "master"
  digest = "1:84bd7f8a2e0bcd53ddc33c3b47c34c1fe340c8632cbe928f7f8ae10ec6ecdd62"
  name = "github.com/mohae/deepcopy"
  packages = ["."]
  pruneopts = "UT"
  revision = "c48cc78d482608239f6c4c92a4abd87eb8761c90"

[[projects]]
  digest = "1:75845a9207e2d9d5297f68e7352a26b757f2af4174fd05cf24633e38dd842615"
  name = "github.com/rogpeppe/fastuuid"
  packages = ["."]
  pruneopts = "UT"
  revision = "10c3923834d38e951ae8f627bfec2dc632c5b6cb"
  version = "v1.2.0"

[[projects]]
  branch = "master"
  digest = "1:7ac7255814de7a874896f7608f4810c4394a2bfe1f24a66a03c53f6ddf27cc97"
  name = "golang.org/x/crypto"
  packages = [
    "curve25519",
    "internal/subtle",
    "nacl/box",
    "nacl/secretbox",
    "pbkdf2",
    "poly1305",
    "salsa20/salsa",
    "ssh/terminal",
  ]
  pruneopts = "UT"
  revision = "e7c4368fe9ddd156b5f1463283cb51c5b400c373"

[[projects]]
  branch = "master"
  digest = "1:c17ef497fa38f87bc70616aba350e1d35831eedd6ac85c494c6b99517009761b"
  name = "golang.org/x/net"
  packages = [
    "context",
    "html",
    "html/atom",
    "idna",
    "publicsuffix",
  ]
  pruneopts = "UT"
  revision = "5ee1b9f4859acd2e99987ef94ec7a58427c53bef"

[[projects]]
  branch = "master"
  digest = "1:82b80efd5df363d030f68cd661fa655ca949c9344475bfb5dfcd958cb4e416f5"
  name = "golang.org/x/sys"
  packages = [
    "cpu",
    "unix",
    "windows",
    "windows/registry",
  ]
  pruneopts = "UT"
  revision = "ce4227a45e2eb77e5c847278dcc6a626742e2945"

[[projects]]
  digest = "1:8d8faad6b12a3a4c819a3f9618cb6ee1fa1cfc33253abeeea8b55336721e3405"
  name = "golang.org/x/text"
  packages = [
    "collate",
    "collate/build",
    "internal/colltab",
    "internal/gen",
    "internal/language",
    "internal/language/compact",
    "internal/tag",
    "internal/triegen",
    "internal/ucd",
    "language",
    "secure/bidirule",
    "transform",
    "unicode/bidi",
    "unicode/cldr",
    "unicode/norm",
    "unicode/rangetable",
  ]
  pruneopts = "UT"
  revision = "342b2e1fbaa52c93f31447ad2c6abc048c63e475"
  version = "v0.3.2"

[[projects]]
  digest = "1:13b80f4250e74ace3f1e4169128c56c403d402517320c5e15b7128e92d2e6a75"
  name = "gopkg.in/check.v1"
  packages = ["."]
  pruneopts = "UT"
  revision = "4f90aeace3a26ad7021961c297b22c42160c7b25"

[[projects]]
  digest = "1:0f38fed0b27bfd46edbea0b23f7829e1640cad7fc6c6eed8b64858f335004dab"
  name = "gopkg.in/errgo.v1"
  packages = ["."]
  pruneopts = "UT"
  revision = "08dc5b27f5ced65786776ec936b4298445ec70cf"
  version = "v1.0.1"

[[projects]]
  digest = "1:0038887d2a10ac5e8913bd7b4f181d9d8a375fb99d88b6eb1b63c1d1a34c2e7b"
  name = "gopkg.in/gobwas/glob.v0"
  packages = ["."]
  pruneopts = "UT"
  revision = "5ccd90ef52e1e632236f7326478d4faa74f99438"
  version = "v0.2.3"

[[projects]]
  digest = "1:50417b0b6dd076cca66c6a1afe33d16d74ff771a36915b906a86fb026c316c27"
  name = "gopkg.in/httprequest.v1"
  packages = ["."]
  pruneopts = "UT"
  revision = "7f3c32e65ad57476ba9675100248f4f87f6ffb9c"
  version = "v1.2.0"

[[projects]]
  digest = "1:9853a982d9a89409850be4617ea0b1a703fa657c61c1174ae24e6c453454a4ab"
  name = "gopkg.in/juju/charm.v6"
  packages = [
    ".",
    "hooks",
    "resource",
  ]
  pruneopts = "UT"
  revision = "4e6efee6340bbada7f1e0ce873f33c15254ac2b8"

[[projects]]
  digest = "1:dfb628da2831f1a38d2e6482b2a08d507c47da558aa370b4b5a8b2897f8ebccd"
  name = "gopkg.in/juju/environschema.v1"
  packages = [
    ".",
    "form",
  ]
  pruneopts = "UT"
  revision = "7359fc7857abe2b11b5b3e23811a9c64cb6b01e0"

[[projects]]
  digest = "1:1026897e173b8cc90312d4d53dc6f30edf63316ebc379c96706646cfc5dd3082"
  name = "gopkg.in/juju/idmclient.v1"
  packages = ["ussologin"]
  pruneopts = "UT"
  revision = "203d20774ce8aeaa6f662ee0b48f8cb5bc0816a1"

[[projects]]
  branch = "v2"
  digest = "1:a980a7865b5eeded941618e080c5cafc5d99d723a5f30a0d698f68e0196f6d0b"
  name = "gopkg.in/juju/names.v2"
  packages = ["."]
  pruneopts = "UT"
  revision = "e057c73bd1beb18e9634151a2410c422bd2057f2"

[[projects]]
  digest = "1:5ab6cf2ec7019c0034f0692cf62c0161d52242ef244d251bdf1f282887d91cb0"
  name = "gopkg.in/macaroon-bakery.v2"
  packages = [
    "bakery",
    "bakery/checkers",
    "bakery/internal/macaroonpb",
    "httpbakery",
    "internal/httputil",
  ]
  pruneopts = "UT"
  revision = "6734dc66fe81c761f153bdd3e4ea572a105b6fe0"

[[projects]]
  digest = "1:9b8b370ce91c030d6542e145cf99f863f82b43e680f0ebf17ee41b604b5f7d64"
  name = "gopkg.in/macaroon.v2"
  packages = ["."]
  pruneopts = "UT"
  revision = "1679699b0b723e05f9f16c45b4c6cbd46adb2c78"

[[projects]]
  branch = "v2"
  digest = "1:4af24de1cba937fb5ef082e8860a47fd46282e6863c01930359368ee121e3114"
  name = "gopkg.in/mgo.v2"
  packages = [
    ".",
    "bson",
    "internal/json",
    "internal/sasl",
    "internal/scram",
  ]
  pruneopts = "UT"
  revision = "a6b53ec6cb22a3699387a57a161566f9402ee85b"

[[projects]]
  digest = "1:d814dd914c57c4e9f20039494471e2100e1746aa9543023ba852b17778936d9b"
  name = "gopkg.in/retry.v1"
  packages = ["."]
  pruneopts = "UT"
  revision = "cd7d3b308163f575bf3e14623edd50ef2b90b877"
  version = "v1.0.3"

[[projects]]
  digest = "1:4d2e5a73dc1500038e504a8d78b986630e3626dc027bc030ba5c75da257cdb96"
  name = "gopkg.in/yaml.v2"
  packages = ["."]
  pruneopts = "UT"
  revision = "51d6538a90f86fe93ac480b35f37b2be17fef232"

[solve-meta]
  analyzer-name = "dep"
  analyzer-version = 1
  input-imports = [
    "github.com/juju/cmd",
    "github.com/juju/cmd/cmdtesting",
    "github.com/juju/errors",
    "github.com/juju/gnuflag",
    "github.com/juju/juju/juju/osenv",
    "github.com/juju/persistent-cookiejar",
    "github.com/juju/testing",
    "github.com/juju/testing/checkers",
    "github.com/juju/utils",
    "gopkg.in/check.v1",
    "gopkg.in/juju/charm.v6",
    "gopkg.in/juju/environschema.v1/form",
    "gopkg.in/juju/idmclient.v1/ussologin",
    "gopkg.in/macaroon-bakery.v2/httpbakery",
    "gopkg.in/yaml.v2",
  ]
  solver-name = "gps-cdcl"
  solver-version = 1
